{
	"name": "pem-jwk-norecompute",
	"version": "2.0.0",
	"lockfileVersion": 3,
	"requires": true,
	"packages": {
		"": {
			"name": "pem-jwk-norecompute",
			"version": "2.0.0",
			"license": "MPL-2.0",
			"dependencies": {
				"asn1.js": "^5"
			},
			"bin": {
				"pem-jwk-norecompute": "bin/pem-jwk.js"
			},
			"devDependencies": {
				"tap": "0.7.1"
			}
		},
		"node_modules/abbrev": {
			"version": "1.1.1",
			"resolved": "https://registry.npmjs.org/abbrev/-/abbrev-1.1.1.tgz",
			"integrity": "sha512-nne9/IiQ/hzIhY6pdDnbBtz7DjPTKrY00P/zvPSm5pOFkl6xuGrGnXn/VtTNNfNtAfZ9/1RtehkszU9qcTii0Q==",
			"dev": true
		},
		"node_modules/asn1.js": {
			"version": "5.4.1",
			"resolved": "https://registry.npmjs.org/asn1.js/-/asn1.js-5.4.1.tgz",
			"integrity": "sha512-+I//4cYPccV8LdmBLiX8CYvf9Sp3vQsrqu2QNXRcrbiWvcx/UdlFiqUJJzxRQxgsZmvhXhn4cSKeSmoFjVdupA==",
			"dependencies": {
				"bn.js": "^4.0.0",
				"inherits": "^2.0.1",
				"minimalistic-assert": "^1.0.0",
				"safer-buffer": "^2.1.0"
			}
		},
		"node_modules/balanced-match": {
			"version": "1.0.2",
			"resolved": "https://registry.npmjs.org/balanced-match/-/balanced-match-1.0.2.tgz",
			"integrity": "sha512-3oSeUO0TMV67hN1AmbXsK4yaqU7tjiHlbxRDZOpH0KW9+CeX4bRAaX0Anxt0tx2MrpRpWwQaPwIlISEJhYU5Pw==",
			"dev": true
		},
		"node_modules/bn.js": {
			"version": "4.12.0",
			"resolved": "https://registry.npmjs.org/bn.js/-/bn.js-4.12.0.tgz",
			"integrity": "sha512-c98Bf3tPniI+scsdk237ku1Dc3ujXQTSgyiPUDEOe7tRkhrqridvh8klBv0HCEso1OLOYcHuCv/cS6DNxKH+ZA=="
		},
		"node_modules/brace-expansion": {
			"version": "1.1.11",
			"resolved": "https://registry.npmjs.org/brace-expansion/-/brace-expansion-1.1.11.tgz",
			"integrity": "sha512-iCuPHDFgrHX7H2vEI/5xpz07zSHB00TpugqhmYtVmMO6518mCuRMoOYFldEBl0g187ufozdaHgWKcYFb61qGiA==",
			"dev": true,
			"dependencies": {
				"balanced-match": "^1.0.0",
				"concat-map": "0.0.1"
			}
		},
		"node_modules/buffer-equal": {
			"version": "0.0.2",
			"resolved": "https://registry.npmjs.org/buffer-equal/-/buffer-equal-0.0.2.tgz",
			"integrity": "sha512-4hr0gS7+NK47X6WbA/okVFrN5qGh3WLT7N3hMRv7+hlkXnbUIdU2u05n6r0RQv6cq6xke06nVl70r0NW0WM2OQ==",
			"dev": true,
			"engines": {
				"node": ">=0.4.0"
			}
		},
		"node_modules/bunker": {
			"version": "0.1.2",
			"resolved": "https://registry.npmjs.org/bunker/-/bunker-0.1.2.tgz",
			"integrity": "sha512-YnahkcXBNT522S46k5LUA9P18lzvgkunbMl0qIJQ8oeRMQ+dAg3YI3k32q5TnO+AAUErFHO6R768To6jslgYmQ==",
			"dev": true,
			"dependencies": {
				"burrito": ">=0.2.5 <0.3"
			},
			"engines": {
				"node": "*"
			}
		},
		"node_modules/burrito": {
			"version": "0.2.12",
			"resolved": "https://registry.npmjs.org/burrito/-/burrito-0.2.12.tgz",
			"integrity": "sha512-ZhhT5iVTAgzQ+s8rily7m45Swxe/cU3dVCHTzqmHVWD/cc0Ds3W4Q4MExbkevY+fm0Me3lEwpehIy6TH7p+ehw==",
			"dev": true,
			"dependencies": {
				"traverse": "~0.5.1",
				"uglify-js": "~1.1.1"
			},
			"engines": {
				"node": ">=0.4.0"
			}
		},
		"node_modules/burrito/node_modules/traverse": {
			"version": "0.5.2",
			"resolved": "https://registry.npmjs.org/traverse/-/traverse-0.5.2.tgz",
			"integrity": "sha512-PUBVcfB3RqgLpzgTRGNiqK4duqrDbgGa1bobbUtzUwLiBNAjZ7vd5eCOdBxqZ/Fgezagr9o69IxP2fZp41RGFA==",
			"dev": true,
			"engines": {
				"node": "*"
			}
		},
		"node_modules/call-bind": {
			"version": "1.0.2",
			"resolved": "https://registry.npmjs.org/call-bind/-/call-bind-1.0.2.tgz",
			"integrity": "sha512-7O+FbCihrB5WGbFYesctwmTKae6rOiIzmz1icreWJ+0aA7LJfuqhEso2T9ncpcFtzMQtzXf2QGGueWJGTYsqrA==",
			"dev": true,
			"dependencies": {
				"function-bind": "^1.1.1",
				"get-intrinsic": "^1.0.2"
			},
			"funding": {
				"url": "https://github.com/sponsors/ljharb"
			}
		},
		"node_modules/charm": {
			"version": "0.1.2",
			"resolved": "https://registry.npmjs.org/charm/-/charm-0.1.2.tgz",
			"integrity": "sha512-syedaZ9cPe7r3hoQA9twWYKu5AIyCswN5+szkmPBe9ccdLrj4bYaCnLVPTLd2kgVRc7+zoX4tyPgRnFKCj5YjQ==",
			"dev": true
		},
		"node_modules/concat-map": {
			"version": "0.0.1",
			"resolved": "https://registry.npmjs.org/concat-map/-/concat-map-0.0.1.tgz",
			"integrity": "sha512-/Srv4dswyQNBfohGpz9o6Yb3Gz3SrUDqBH5rTuhGR7ahtlbYKnVxw2bCFMRljaA7EXHaXZ8wsHdodFvbkhKmqg==",
			"dev": true
		},
		"node_modules/deep-equal": {
			"version": "1.1.1",
			"resolved": "https://registry.npmjs.org/deep-equal/-/deep-equal-1.1.1.tgz",
			"integrity": "sha512-yd9c5AdiqVcR+JjcwUQb9DkhJc8ngNr0MahEBGvDiJw8puWab2yZlh+nkasOnZP+EGTAP6rRp2JzJhJZzvNF8g==",
			"dev": true,
			"dependencies": {
				"is-arguments": "^1.0.4",
				"is-date-object": "^1.0.1",
				"is-regex": "^1.0.4",
				"object-is": "^1.0.1",
				"object-keys": "^1.1.1",
				"regexp.prototype.flags": "^1.2.0"
			},
			"funding": {
				"url": "https://github.com/sponsors/ljharb"
			}
		},
		"node_modules/deep-is": {
			"version": "0.1.4",
			"resolved": "https://registry.npmjs.org/deep-is/-/deep-is-0.1.4.tgz",
			"integrity": "sha512-oIPzksmTg4/MriiaYGO+okXDT7ztn/w3Eptv/+gSIdMdKsJo0u4CfYNFJPy+4SKMuCqGw2wxnA+URMg3t8a/bQ==",
			"dev": true
		},
		"node_modules/define-properties": {
			"version": "1.2.0",
			"resolved": "https://registry.npmjs.org/define-properties/-/define-properties-1.2.0.tgz",
			"integrity": "sha512-xvqAVKGfT1+UAvPwKTVw/njhdQ8ZhXK4lI0bCIuCMrp2up9nPnaDftrLtmpTazqd1o+UY4zgzU+avtMbDP+ldA==",
			"dev": true,
			"dependencies": {
				"has-property-descriptors": "^1.0.0",
				"object-keys": "^1.1.1"
			},
			"engines": {
				"node": ">= 0.4"
			},
			"funding": {
				"url": "https://github.com/sponsors/ljharb"
			}
		},
		"node_modules/difflet": {
			"version": "0.2.6",
			"resolved": "https://registry.npmjs.org/difflet/-/difflet-0.2.6.tgz",
			"integrity": "sha512-ruldDDRmY1t678UOAJBng6sL77f62SqjHj0498YC0EJhxIe2yKkqJn2qEchwG3eU/dqJ/RxPZkAnYjePS4pDCw==",
			"dev": true,
			"dependencies": {
				"charm": "0.1.x",
				"deep-is": "0.1.x",
				"traverse": "0.6.x"
			},
			"engines": {
				"node": ">=0.4.0"
			}
		},
		"node_modules/function-bind": {
			"version": "1.1.1",
			"resolved": "https://registry.npmjs.org/function-bind/-/function-bind-1.1.1.tgz",
			"integrity": "sha512-yIovAzMX49sF8Yl58fSCWJ5svSLuaibPxXQJFLmBObTuCr0Mf1KiPopGM9NiFjiYBCbfaa2Fh6breQ6ANVTI0A==",
			"dev": true
		},
		"node_modules/functions-have-names": {
			"version": "1.2.3",
			"resolved": "https://registry.npmjs.org/functions-have-names/-/functions-have-names-1.2.3.tgz",
			"integrity": "sha512-xckBUXyTIqT97tq2x2AMb+g163b5JFysYk0x4qxNFwbfQkmNZoiRHb6sPzI9/QV33WeuvVYBUIiD4NzNIyqaRQ==",
			"dev": true,
			"funding": {
				"url": "https://github.com/sponsors/ljharb"
			}
		},
		"node_modules/get-intrinsic": {
			"version": "1.2.0",
			"resolved": "https://registry.npmjs.org/get-intrinsic/-/get-intrinsic-1.2.0.tgz",
			"integrity": "sha512-L049y6nFOuom5wGyRc3/gdTLO94dySVKRACj1RmJZBQXlbTMhtNIgkWkUHq+jYmZvKf14EW1EoJnnjbmoHij0Q==",
			"dev": true,
			"dependencies": {
				"function-bind": "^1.1.1",
				"has": "^1.0.3",
				"has-symbols": "^1.0.3"
			},
			"funding": {
				"url": "https://github.com/sponsors/ljharb"
			}
		},
		"node_modules/glob": {
			"version": "4.5.3",
			"resolved": "https://registry.npmjs.org/glob/-/glob-4.5.3.tgz",
			"integrity": "sha512-I0rTWUKSZKxPSIAIaqhSXTM/DiII6wame+rEC3cFA5Lqmr9YmdL7z6Hj9+bdWtTvoY1Su4/OiMLmb37Y7JzvJQ==",
			"dev": true,
			"dependencies": {
				"inflight": "^1.0.4",
				"inherits": "2",
				"minimatch": "^2.0.1",
				"once": "^1.3.0"
			},
			"engines": {
				"node": "*"
			}
		},
		"node_modules/has": {
			"version": "1.0.3",
			"resolved": "https://registry.npmjs.org/has/-/has-1.0.3.tgz",
			"integrity": "sha512-f2dvO0VU6Oej7RkWJGrehjbzMAjFp5/VKPp5tTpWIV4JHHZK1/BxbFRtf/siA2SWTe09caDmVtYYzWEIbBS4zw==",
			"dev": true,
			"dependencies": {
				"function-bind": "^1.1.1"
			},
			"engines": {
				"node": ">= 0.4.0"
			}
		},
		"node_modules/has-property-descriptors": {
			"version": "1.0.0",
			"resolved": "https://registry.npmjs.org/has-property-descriptors/-/has-property-descriptors-1.0.0.tgz",
			"integrity": "sha512-62DVLZGoiEBDHQyqG4w9xCuZ7eJEwNmJRWw2VY84Oedb7WFcA27fiEVe8oUQx9hAUJ4ekurquucTGwsyO1XGdQ==",
			"dev": true,
			"dependencies": {
				"get-intrinsic": "^1.1.1"
			},
			"funding": {
				"url": "https://github.com/sponsors/ljharb"
			}
		},
		"node_modules/has-symbols": {
			"version": "1.0.3",
			"resolved": "https://registry.npmjs.org/has-symbols/-/has-symbols-1.0.3.tgz",
			"integrity": "sha512-l3LCuF6MgDNwTDKkdYGEihYjt5pRPbEg46rtlmnSPlUbgmB8LOIrKJbYYFBSbnPaJexMKtiPO8hmeRjRz2Td+A==",
			"dev": true,
			"engines": {
				"node": ">= 0.4"
			},
			"funding": {
				"url": "https://github.com/sponsors/ljharb"
			}
		},
		"node_modules/has-tostringtag": {
			"version": "1.0.0",
			"resolved": "https://registry.npmjs.org/has-tostringtag/-/has-tostringtag-1.0.0.tgz",
			"integrity": "sha512-kFjcSNhnlGV1kyoGk7OXKSawH5JOb/LzUc5w9B02hOTO0dfFRjbHQKvg1d6cf3HbeUmtU9VbbV3qzZ2Teh97WQ==",
			"dev": true,
			"dependencies": {
				"has-symbols": "^1.0.2"
			},
			"engines": {
				"node": ">= 0.4"
			},
			"funding": {
				"url": "https://github.com/sponsors/ljharb"
			}
		},
		"node_modules/inflight": {
			"version": "1.0.6",
			"resolved": "https://registry.npmjs.org/inflight/-/inflight-1.0.6.tgz",
			"integrity": "sha512-k92I/b08q4wvFscXCLvqfsHCrjrF7yiXsQuIVvVE7N82W3+aqpzuUdBbfhWcy/FZR3/4IgflMgKLOsvPDrGCJA==",
			"dev": true,
			"dependencies": {
				"once": "^1.3.0",
				"wrappy": "1"
			}
		},
		"node_modules/inherits": {
			"version": "2.0.4",
			"resolved": "https://registry.npmjs.org/inherits/-/inherits-2.0.4.tgz",
			"integrity": "sha512-k/vGaX4/Yla3WzyMCvTQOXYeIHvqOKtnqBduzTHpzpQZzAskKMhZ2K+EnBiSM9zGSoIFeMpXKxa4dYeZIQqewQ=="
		},
		"node_modules/is-arguments": {
			"version": "1.1.1",
			"resolved": "https://registry.npmjs.org/is-arguments/-/is-arguments-1.1.1.tgz",
			"integrity": "sha512-8Q7EARjzEnKpt/PCD7e1cgUS0a6X8u5tdSiMqXhojOdoV9TsMsiO+9VLC5vAmO8N7/GmXn7yjR8qnA6bVAEzfA==",
			"dev": true,
			"dependencies": {
				"call-bind": "^1.0.2",
				"has-tostringtag": "^1.0.0"
			},
			"engines": {
				"node": ">= 0.4"
			},
			"funding": {
				"url": "https://github.com/sponsors/ljharb"
			}
		},
		"node_modules/is-date-object": {
			"version": "1.0.5",
			"resolved": "https://registry.npmjs.org/is-date-object/-/is-date-object-1.0.5.tgz",
			"integrity": "sha512-9YQaSxsAiSwcvS33MBk3wTCVnWK+HhF8VZR2jRxehM16QcVOdHqPn4VPHmRK4lSr38n9JriurInLcP90xsYNfQ==",
			"dev": true,
			"dependencies": {
				"has-tostringtag": "^1.0.0"
			},
			"engines": {
				"node": ">= 0.4"
			},
			"funding": {
				"url": "https://github.com/sponsors/ljharb"
			}
		},
		"node_modules/is-regex": {
			"version": "1.1.4",
			"resolved": "https://registry.npmjs.org/is-regex/-/is-regex-1.1.4.tgz",
			"integrity": "sha512-kvRdxDsxZjhzUX07ZnLydzS1TU/TJlTUHHY4YLL87e37oUA49DfkLqgy+VjFocowy29cKvcSiu+kIv728jTTVg==",
			"dev": true,
			"dependencies": {
				"call-bind": "^1.0.2",
				"has-tostringtag": "^1.0.0"
			},
			"engines": {
				"node": ">= 0.4"
			},
			"funding": {
				"url": "https://github.com/sponsors/ljharb"
			}
		},
		"node_modules/minimalistic-assert": {
			"version": "1.0.1",
			"resolved": "https://registry.npmjs.org/minimalistic-assert/-/minimalistic-assert-1.0.1.tgz",
			"integrity": "sha512-UtJcAD4yEaGtjPezWuO9wC4nwUnVH/8/Im3yEHQP4b67cXlD/Qr9hdITCU1xDbSEXg2XKNaP8jsReV7vQd00/A=="
		},
		"node_modules/minimatch": {
			"version": "2.0.10",
			"resolved": "https://registry.npmjs.org/minimatch/-/minimatch-2.0.10.tgz",
			"integrity": "sha512-jQo6o1qSVLEWaw3l+bwYA2X0uLuK2KjNh2wjgO7Q/9UJnXr1Q3yQKR8BI0/Bt/rPg75e6SMW4hW/6cBHVTZUjA==",
			"deprecated": "Please update to minimatch 3.0.2 or higher to avoid a RegExp DoS issue",
			"dev": true,
			"dependencies": {
				"brace-expansion": "^1.0.0"
			},
			"engines": {
				"node": "*"
			}
		},
		"node_modules/minimist": {
			"version": "1.2.8",
			"resolved": "https://registry.npmjs.org/minimist/-/minimist-1.2.8.tgz",
			"integrity": "sha512-2yyAR8qBkN3YuheJanUpWC5U3bb5osDywNB8RzDVlDwDHbocAJveqqj1u8+SVD7jkWT4yvsHCpWqqWqAxb0zCA==",
			"dev": true,
			"funding": {
				"url": "https://github.com/sponsors/ljharb"
			}
		},
		"node_modules/mkdirp": {
			"version": "0.5.6",
			"resolved": "https://registry.npmjs.org/mkdirp/-/mkdirp-0.5.6.tgz",
			"integrity": "sha512-FP+p8RB8OWpF3YZBCrP5gtADmtXApB5AMLn+vdyA+PyxCjrCs00mjyUozssO33cwDeT3wNGdLxJ5M//YqtHAJw==",
			"dev": true,
			"dependencies": {
				"minimist": "^1.2.6"
			},
			"bin": {
				"mkdirp": "bin/cmd.js"
			}
		},
		"node_modules/nopt": {
			"version": "3.0.6",
			"resolved": "https://registry.npmjs.org/nopt/-/nopt-3.0.6.tgz",
			"integrity": "sha512-4GUt3kSEYmk4ITxzB/b9vaIDfUVWN/Ml1Fwl11IlnIG2iaJ9O6WXZ9SrYM9NLI8OCBieN2Y8SWC2oJV0RQ7qYg==",
			"dev": true,
			"dependencies": {
				"abbrev": "1"
			},
			"bin": {
				"nopt": "bin/nopt.js"
			}
		},
		"node_modules/object-is": {
			"version": "1.1.5",
			"resolved": "https://registry.npmjs.org/object-is/-/object-is-1.1.5.tgz",
			"integrity": "sha512-3cyDsyHgtmi7I7DfSSI2LDp6SK2lwvtbg0p0R1e0RvTqF5ceGx+K2dfSjm1bKDMVCFEDAQvy+o8c6a7VujOddw==",
			"dev": true,
			"dependencies": {
				"call-bind": "^1.0.2",
				"define-properties": "^1.1.3"
			},
			"engines": {
				"node": ">= 0.4"
			},
			"funding": {
				"url": "https://github.com/sponsors/ljharb"
			}
		},
		"node_modules/object-keys": {
			"version": "1.1.1",
			"resolved": "https://registry.npmjs.org/object-keys/-/object-keys-1.1.1.tgz",
			"integrity": "sha512-NuAESUOUMrlIXOfHKzD6bpPu3tYt3xvjNdRIQ+FeT0lNb4K8WR70CaDxhuNguS2XG+GjkyMwOzsN5ZktImfhLA==",
			"dev": true,
			"engines": {
				"node": ">= 0.4"
			}
		},
		"node_modules/once": {
			"version": "1.4.0",
			"resolved": "https://registry.npmjs.org/once/-/once-1.4.0.tgz",
			"integrity": "sha512-lNaJgI+2Q5URQBkccEKHTQOPaXdUxnZZElQTZY0MFUAuaEqe1E+Nyvgdz/aIyNi6Z9MzO5dv1H8n58/GELp3+w==",
			"dev": true,
			"dependencies": {
				"wrappy": "1"
			}
		},
		"node_modules/regexp.prototype.flags": {
			"version": "1.4.3",
			"resolved": "https://registry.npmjs.org/regexp.prototype.flags/-/regexp.prototype.flags-1.4.3.tgz",
			"integrity": "sha512-fjggEOO3slI6Wvgjwflkc4NFRCTZAu5CnNfBd5qOMYhWdn67nJBBu34/TkD++eeFmd8C9r9jfXJ27+nSiRkSUA==",
			"dev": true,
			"dependencies": {
				"call-bind": "^1.0.2",
				"define-properties": "^1.1.3",
				"functions-have-names": "^1.2.2"
			},
			"engines": {
				"node": ">= 0.4"
			},
			"funding": {
				"url": "https://github.com/sponsors/ljharb"
			}
		},
		"node_modules/runforcover": {
			"version": "0.0.2",
			"resolved": "https://registry.npmjs.org/runforcover/-/runforcover-0.0.2.tgz",
			"integrity": "sha512-yarCIK2HcAOadqnKW419+FA38qpWDCKcOr5RZU+jnyLL/hn3No9BHZY+YJDEzvQ0k8Oyl7ffLjZv9ZUxvyKoLQ==",
			"dev": true,
			"dependencies": {
				"bunker": "0.1.X"
			},
			"engines": {
				"node": "*"
			}
		},
		"node_modules/safer-buffer": {
			"version": "2.1.2",
			"resolved": "https://registry.npmjs.org/safer-buffer/-/safer-buffer-2.1.2.tgz",
			"integrity": "sha512-YZo3K82SD7Riyi0E1EQPojLz7kpepnSQI9IyPbHHg1XXXevb5dJI7tpyN2ADxGcQbHG7vcyRHk0cbwqcQriUtg=="
		},
		"node_modules/slide": {
			"version": "1.1.6",
			"resolved": "https://registry.npmjs.org/slide/-/slide-1.1.6.tgz",
			"integrity": "sha512-NwrtjCg+lZoqhFU8fOwl4ay2ei8PaqCBOUV3/ektPY9trO1yQ1oXEfmHAhKArUVUr/hOHvy5f6AdP17dCM0zMw==",
			"dev": true,
			"engines": {
				"node": "*"
			}
		},
		"node_modules/tap": {
			"version": "0.7.1",
			"resolved": "https://registry.npmjs.org/tap/-/tap-0.7.1.tgz",
			"integrity": "sha512-Dh7fyYFJzj9VZP/Oa79kFWeq2KxPwjCNHNWc0mXJTqUq7PKLrhg7d/mR748Bty9TKHsbMxpFLHn1YJZVjxJaug==",
			"dev": true,
			"dependencies": {
				"buffer-equal": "~0.0.0",
				"deep-equal": "^1.0.0",
				"difflet": "~0.2.0",
				"glob": "^4.3.5",
				"inherits": "*",
				"mkdirp": "^0.5.0",
				"nopt": "^3.0.1",
				"runforcover": "~0.0.2",
				"slide": "*",
				"yamlish": "*"
			},
			"bin": {
				"tap": "bin/tap.js"
			},
			"engines": {
				"node": ">=0.8"
			}
		},
		"node_modules/traverse": {
			"version": "0.6.7",
			"resolved": "https://registry.npmjs.org/traverse/-/traverse-0.6.7.tgz",
			"integrity": "sha512-/y956gpUo9ZNCb99YjxG7OaslxZWHfCHAUUfshwqOXmxUIvqLjVO581BT+gM59+QV9tFe6/CGG53tsA1Y7RSdg==",
			"dev": true,
			"funding": {
				"url": "https://github.com/sponsors/ljharb"
			}
		},
		"node_modules/uglify-js": {
			"version": "1.1.1",
			"resolved": "https://registry.npmjs.org/uglify-js/-/uglify-js-1.1.1.tgz",
			"integrity": "sha512-YYY9Dle1leC+btgrHnAR05eq0aRdcPJsXlYYD+SYw2lqc5HFuFNHg3wWEW4SNE0iXXEUl0fz43gTQ3r1YK76rg==",
			"dev": true,
			"bin": {
				"uglifyjs": "bin/uglifyjs"
			},
			"engines": {
				"node": "*"
			}
		},
		"node_modules/wrappy": {
			"version": "1.0.2",
			"resolved": "https://registry.npmjs.org/wrappy/-/wrappy-1.0.2.tgz",
			"integrity": "sha512-l4Sp/DRseor9wL6EvV2+TuQn63dMkPjZ/sp9XkghTEbV9KlPS1xUsZ3u7/IQO4wxtcFB4bgpQPRcR3QCvezPcQ==",
			"dev": true
		},
		"node_modules/yamlish": {
			"version": "0.0.7",
			"resolved": "https://registry.npmjs.org/yamlish/-/yamlish-0.0.7.tgz",
			"integrity": "sha512-MfSpIJj5Hmm0Yz788MEW1NWfdOhZR/O0WPrdiUeWBKTtCNm0jZwMJZhScqveQoE6CvUoXOQBs5/1I/nC6Sbj/w==",
			"dev": true
		}
	}
}
